
Microsoft Visual Studio Solution File, Format Version 12.00
# Visual Studio 15
VisualStudioVersion = 15.0.28307.902
MinimumVisualStudioVersion = 10.0.40219.1
Project("{FAE04EC0-301F-11D3-BF4B-00C04F79EFBC}") = "esBase64Test", "esBase64Test\esBase64Test.csproj", "{1A4E61B0-01BC-4FD6-A5DD-40E09EB28E40}"
EndProject
Project("{FAE04EC0-301F-11D3-BF4B-00C04F79EFBC}") = "LibreriaBase64", "LibreriaBase64\LibreriaBase64.csproj", "{1ED8BBFA-D7F5-4D53-BB57-D33E6E01C6BA}"
EndProject
Global
	GlobalSection(SolutionConfigurationPlatforms) = preSolution
		Debug|Any CPU = Debug|Any CPU
		Release|Any CPU = Release|Any CPU
	EndGlobalSection
	GlobalSection(ProjectConfigurationPlatforms) = postSolution
		{1A4E61B0-01BC-4FD6-A5DD-40E09EB28E40}.Debug|Any CPU.ActiveCfg = Debug|Any CPU
		{1A4E61B0-01BC-4FD6-A5DD-40E09EB28E40}.Debug|Any CPU.Build.0 = Debug|Any CPU
		{1A4E61B0-01BC-4FD6-A5DD-40E09EB28E40}.Release|Any CPU.ActiveCfg = Release|Any CPU
		{1A4E61B0-01BC-4FD6-A5DD-40E09EB28E40}.Release|Any CPU.Build.0 = Release|Any CPU
		{1ED8BBFA-D7F5-4D53-BB57-D33E6E01C6BA}.Debug|Any CPU.ActiveCfg = Debug|Any CPU
		{1ED8BBFA-D7F5-4D53-BB57-D33E6E01C6BA}.Debug|Any CPU.Build.0 = Debug|Any CPU
		{1ED8BBFA-D7F5-4D53-BB57-D33E6E01C6BA}.Release|Any CPU.ActiveCfg = Release|Any CPU
		{1ED8BBFA-D7F5-4D53-BB57-D33E6E01C6BA}.Release|Any CPU.Build.0 = Release|Any CPU
	EndGlobalSection
	GlobalSection(SolutionProperties) = preSolution
		HideSolutionNode = FALSE
	EndGlobalSection
	GlobalSection(ExtensibilityGlobals) = postSolution
		SolutionGuid = {C905B330-6750-4513-86E5-080E6FB9F847}
	EndGlobalSection
EndGlobal
